
Microsoft Visual Studio Solution File, Format Version 12.00
# Visual Studio 15
VisualStudioVersion = 15.0.27004.2008
MinimumVisualStudioVersion = 10.0.40219.1
Project("{FAE04EC0-301F-11D3-BF4B-00C04F79EFBC}") = "RasterBarDX", "RasterBarDX\RasterBarDX.csproj", "{C950A091-8DC3-4DCF-BC59-85F9497D0316}"
EndProject
Global
	GlobalSection(SolutionConfigurationPlatforms) = preSolution
		Debug|x86 = Debug|x86
		Release|x86 = Release|x86
	EndGlobalSection
	GlobalSection(ProjectConfigurationPlatforms) = postSolution
		{C950A091-8DC3-4DCF-BC59-85F9497D0316}.Debug|x86.ActiveCfg = Debug|x86
		{C950A091-8DC3-4DCF-BC59-85F9497D0316}.Debug|x86.Build.0 = Debug|x86
		{C950A091-8DC3-4DCF-BC59-85F9497D0316}.Release|x86.ActiveCfg = Release|x86
		{C950A091-8DC3-4DCF-BC59-85F9497D0316}.Release|x86.Build.0 = Release|x86
	EndGlobalSection
	GlobalSection(SolutionProperties) = preSolution
		HideSolutionNode = FALSE
	EndGlobalSection
	GlobalSection(ExtensibilityGlobals) = postSolution
		SolutionGuid = {44213997-E588-4949-B794-33EAC8A55F64}
	EndGlobalSection
EndGlobal
